
Microsoft Visual Studio Solution File, Format Version 12.00
# Visual Studio 15
VisualStudioVersion = 15.0.28307.271
MinimumVisualStudioVersion = 10.0.40219.1
Project("{9A19103F-16F7-4668-BE54-9A1E7A4F7556}") = "ConsoleAction", "ConsoleAction\ConsoleAction.csproj", "{DF1C27A9-5DA3-42AF-ABB0-59FED0B23F7A}"
EndProject
Project("{9A19103F-16F7-4668-BE54-9A1E7A4F7556}") = "Black.Beard.Core", "Black.Beard.Core\Black.Beard.Core.csproj", "{DFF85256-EA9D-4293-B1DF-BC667C440A7D}"
EndProject
Project("{9A19103F-16F7-4668-BE54-9A1E7A4F7556}") = "MyCustoLib1", "MyCustoLib1\MyCustoLib1.csproj", "{0C84377B-E676-4EAA-907D-633D9539CBAD}"
EndProject
Project("{9A19103F-16F7-4668-BE54-9A1E7A4F7556}") = "Black.Beard.ActionBus", "Black.Beard.ActionBus\Black.Beard.ActionBus.csproj", "{58B44824-16A6-440A-9195-0D85768AB1F8}"
EndProject
Project("{9A19103F-16F7-4668-BE54-9A1E7A4F7556}") = "ServiceBusAction", "ServiceBusAction\ServiceBusAction.csproj", "{4B23A134-B06E-4552-BE26-9427EE40D90E}"
EndProject
Project("{FAE04EC0-301F-11D3-BF4B-00C04F79EFBC}") = "Black.Beard.Logs.Serilog", "Black.Beard.Logs.Serilog\Black.Beard.Logs.Serilog.csproj", "{87D6B17F-71C1-4551-80FA-25146A9F560F}"
EndProject
Project("{2150E333-8FDC-42A3-9474-1A3956D46DE8}") = "CustomCode", "CustomCode", "{D4DA6CC0-E8DB-4B1B-94EA-FE3995917056}"
EndProject
Project("{2150E333-8FDC-42A3-9474-1A3956D46DE8}") = "Actions", "Actions", "{15F5CB9A-CBC5-4E9E-A033-80E15BDC7766}"
EndProject
Project("{2150E333-8FDC-42A3-9474-1A3956D46DE8}") = "Generic", "Generic", "{AB69254B-F9E4-4767-B4A5-09707E132516}"
EndProject
Global
	GlobalSection(SolutionConfigurationPlatforms) = preSolution
		Debug|Any CPU = Debug|Any CPU
		Release|Any CPU = Release|Any CPU
	EndGlobalSection
	GlobalSection(ProjectConfigurationPlatforms) = postSolution
		{DF1C27A9-5DA3-42AF-ABB0-59FED0B23F7A}.Debug|Any CPU.ActiveCfg = Debug|Any CPU
		{DF1C27A9-5DA3-42AF-ABB0-59FED0B23F7A}.Debug|Any CPU.Build.0 = Debug|Any CPU
		{DF1C27A9-5DA3-42AF-ABB0-59FED0B23F7A}.Release|Any CPU.ActiveCfg = Release|Any CPU
		{DF1C27A9-5DA3-42AF-ABB0-59FED0B23F7A}.Release|Any CPU.Build.0 = Release|Any CPU
		{DFF85256-EA9D-4293-B1DF-BC667C440A7D}.Debug|Any CPU.ActiveCfg = Debug|Any CPU
		{DFF85256-EA9D-4293-B1DF-BC667C440A7D}.Debug|Any CPU.Build.0 = Debug|Any CPU
		{DFF85256-EA9D-4293-B1DF-BC667C440A7D}.Release|Any CPU.ActiveCfg = Release|Any CPU
		{DFF85256-EA9D-4293-B1DF-BC667C440A7D}.Release|Any CPU.Build.0 = Release|Any CPU
		{0C84377B-E676-4EAA-907D-633D9539CBAD}.Debug|Any CPU.ActiveCfg = Debug|Any CPU
		{0C84377B-E676-4EAA-907D-633D9539CBAD}.Debug|Any CPU.Build.0 = Debug|Any CPU
		{0C84377B-E676-4EAA-907D-633D9539CBAD}.Release|Any CPU.ActiveCfg = Release|Any CPU
		{0C84377B-E676-4EAA-907D-633D9539CBAD}.Release|Any CPU.Build.0 = Release|Any CPU
		{58B44824-16A6-440A-9195-0D85768AB1F8}.Debug|Any CPU.ActiveCfg = Debug|Any CPU
		{58B44824-16A6-440A-9195-0D85768AB1F8}.Debug|Any CPU.Build.0 = Debug|Any CPU
		{58B44824-16A6-440A-9195-0D85768AB1F8}.Release|Any CPU.ActiveCfg = Release|Any CPU
		{58B44824-16A6-440A-9195-0D85768AB1F8}.Release|Any CPU.Build.0 = Release|Any CPU
		{4B23A134-B06E-4552-BE26-9427EE40D90E}.Debug|Any CPU.ActiveCfg = Debug|Any CPU
		{4B23A134-B06E-4552-BE26-9427EE40D90E}.Debug|Any CPU.Build.0 = Debug|Any CPU
		{4B23A134-B06E-4552-BE26-9427EE40D90E}.Release|Any CPU.ActiveCfg = Release|Any CPU
		{4B23A134-B06E-4552-BE26-9427EE40D90E}.Release|Any CPU.Build.0 = Release|Any CPU
		{87D6B17F-71C1-4551-80FA-25146A9F560F}.Debug|Any CPU.ActiveCfg = Debug|Any CPU
		{87D6B17F-71C1-4551-80FA-25146A9F560F}.Debug|Any CPU.Build.0 = Debug|Any CPU
		{87D6B17F-71C1-4551-80FA-25146A9F560F}.Release|Any CPU.ActiveCfg = Release|Any CPU
		{87D6B17F-71C1-4551-80FA-25146A9F560F}.Release|Any CPU.Build.0 = Release|Any CPU
	EndGlobalSection
	GlobalSection(SolutionProperties) = preSolution
		HideSolutionNode = FALSE
	EndGlobalSection
	GlobalSection(NestedProjects) = preSolution
		{DF1C27A9-5DA3-42AF-ABB0-59FED0B23F7A} = {15F5CB9A-CBC5-4E9E-A033-80E15BDC7766}
		{DFF85256-EA9D-4293-B1DF-BC667C440A7D} = {AB69254B-F9E4-4767-B4A5-09707E132516}
		{0C84377B-E676-4EAA-907D-633D9539CBAD} = {D4DA6CC0-E8DB-4B1B-94EA-FE3995917056}
		{58B44824-16A6-440A-9195-0D85768AB1F8} = {15F5CB9A-CBC5-4E9E-A033-80E15BDC7766}
		{87D6B17F-71C1-4551-80FA-25146A9F560F} = {AB69254B-F9E4-4767-B4A5-09707E132516}
	EndGlobalSection
	GlobalSection(ExtensibilityGlobals) = postSolution
		SolutionGuid = {EABEA16F-7763-480C-9A31-85D4867F91E2}
	EndGlobalSection
EndGlobal
